{
  "pins" : [
    {
      "identity" : "nuke",
      "kind" : "remoteSourceControl",
      "location" : "https://github.com/kean/Nuke",
      "state" : {
        "revision" : "3f666f120b63ea7de57d42e9a7c9b47f8e7a290b",
        "version" : "12.1.6"
      }
    },
    {
      "identity" : "resolver",
      "kind" : "remoteSourceControl",
      "location" : "https://github.com/ctrlgroup/Resolver.git",
      "state" : {
        "branch" : "feature/moc-view-context-constant",
        "revision" : "c50f9e7ddac7d847aea0ed87db29e3487b5a19e2"
      }
    }
  ],
  "version" : 2
}
