// !$*UTF8*$!
{
	archiveVersion = 1;
	classes = {
	};
	objectVersion = 60;
	objects = {

/* Begin PBXBuildFile section */
		B53D6D1F2AD6FBA0003455AA /* EventPasses.swift in Sources */ = {isa = PBXBuildFile; fileRef = B53D6D1E2AD6FBA0003455AA /* EventPasses.swift */; };
		B53D6D212AD6FE38003455AA /* Currency.swift in Sources */ = {isa = PBXBuildFile; fileRef = B53D6D202AD6FE38003455AA /* Currency.swift */; };
		B53D6D232AD70252003455AA /* Repository.swift in Sources */ = {isa = PBXBuildFile; fileRef = B53D6D222AD70252003455AA /* Repository.swift */; };
		B53D6D252AD705BA003455AA /* PasstypesView.swift in Sources */ = {isa = PBXBuildFile; fileRef = B53D6D242AD705BA003455AA /* PasstypesView.swift */; };
		B53D6D272AD705EB003455AA /* example-passtypes.json in Resources */ = {isa = PBXBuildFile; fileRef = B53D6D262AD705EB003455AA /* example-passtypes.json */; };
		B54B3C452ADD65A200681F95 /* RefreshEventsButton.swift in Sources */ = {isa = PBXBuildFile; fileRef = B54B3C442ADD65A200681F95 /* RefreshEventsButton.swift */; };
		B54B3C4A2ADD98CD00681F95 /* Timestamp+UpdatedAt.swift in Sources */ = {isa = PBXBuildFile; fileRef = B54B3C492ADD98CD00681F95 /* Timestamp+UpdatedAt.swift */; };
		B54B3C4D2ADD98EF00681F95 /* EventLocationView.swift in Sources */ = {isa = PBXBuildFile; fileRef = B54B3C4C2ADD98EF00681F95 /* EventLocationView.swift */; };
		B54B3C4F2ADD9A6B00681F95 /* BookedBadge.swift in Sources */ = {isa = PBXBuildFile; fileRef = B54B3C4E2ADD9A6B00681F95 /* BookedBadge.swift */; };
		B54B3C512ADD9A9E00681F95 /* EventAttendeesView.swift in Sources */ = {isa = PBXBuildFile; fileRef = B54B3C502ADD9A9E00681F95 /* EventAttendeesView.swift */; };
		B54B3C562ADD9D4E00681F95 /* Nuke in Frameworks */ = {isa = PBXBuildFile; productRef = B54B3C552ADD9D4E00681F95 /* Nuke */; };
		B54B3C582ADD9D4E00681F95 /* NukeUI in Frameworks */ = {isa = PBXBuildFile; productRef = B54B3C572ADD9D4E00681F95 /* NukeUI */; };
		B54B3C5A2ADE953C00681F95 /* Color+SystemBackground.swift in Sources */ = {isa = PBXBuildFile; fileRef = B54B3C592ADE953C00681F95 /* Color+SystemBackground.swift */; };
		B559636E2AD82EFC00E611DA /* BookButton.swift in Sources */ = {isa = PBXBuildFile; fileRef = B559636D2AD82EFC00E611DA /* BookButton.swift */; };
		B55963702AD83EB800E611DA /* Attendee.swift in Sources */ = {isa = PBXBuildFile; fileRef = B559636F2AD83EB800E611DA /* Attendee.swift */; };
		B55963722AD83ECC00E611DA /* Venue.swift in Sources */ = {isa = PBXBuildFile; fileRef = B55963712AD83ECC00E611DA /* Venue.swift */; };
		B55963742AD83EDF00E611DA /* TimeZone.swift in Sources */ = {isa = PBXBuildFile; fileRef = B55963732AD83EDF00E611DA /* TimeZone.swift */; };
		B55963762AD83EF200E611DA /* Timestamp+MakeSweat.swift in Sources */ = {isa = PBXBuildFile; fileRef = B55963752AD83EF200E611DA /* Timestamp+MakeSweat.swift */; };
		B55963782AD8456D00E611DA /* LoadEventsView.swift in Sources */ = {isa = PBXBuildFile; fileRef = B55963772AD8456D00E611DA /* LoadEventsView.swift */; };
		B559637A2AD85E3200E611DA /* UserDefaults+Accounts.swift in Sources */ = {isa = PBXBuildFile; fileRef = B55963792AD85E3200E611DA /* UserDefaults+Accounts.swift */; };
		B559637C2AD8606600E611DA /* AccountsWrapperView.swift in Sources */ = {isa = PBXBuildFile; fileRef = B559637B2AD8606600E611DA /* AccountsWrapperView.swift */; };
		B559637E2AD8637F00E611DA /* AccountsController.swift in Sources */ = {isa = PBXBuildFile; fileRef = B559637D2AD8637F00E611DA /* AccountsController.swift */; };
		B55963802AD8639C00E611DA /* User.swift in Sources */ = {isa = PBXBuildFile; fileRef = B559637F2AD8639C00E611DA /* User.swift */; };
		B55963822AD866B400E611DA /* UserIcon.swift in Sources */ = {isa = PBXBuildFile; fileRef = B55963812AD866B400E611DA /* UserIcon.swift */; };
		B55963842AD8750E00E611DA /* EventDetails.swift in Sources */ = {isa = PBXBuildFile; fileRef = B55963832AD8750E00E611DA /* EventDetails.swift */; };
		B55963862AD9617300E611DA /* MapLauncher.swift in Sources */ = {isa = PBXBuildFile; fileRef = B55963852AD9617300E611DA /* MapLauncher.swift */; };
		B58504B42ADEEE2700D694A5 /* EventEnrolmentView.swift in Sources */ = {isa = PBXBuildFile; fileRef = B58504B32ADEEE2700D694A5 /* EventEnrolmentView.swift */; };
		B5F486DE2AD58F6300A76900 /* RabbleApp.swift in Sources */ = {isa = PBXBuildFile; fileRef = B5F486DD2AD58F6300A76900 /* RabbleApp.swift */; };
		B5F486E02AD58F6300A76900 /* ContentView.swift in Sources */ = {isa = PBXBuildFile; fileRef = B5F486DF2AD58F6300A76900 /* ContentView.swift */; };
		B5F486E22AD58F6500A76900 /* Assets.xcassets in Resources */ = {isa = PBXBuildFile; fileRef = B5F486E12AD58F6500A76900 /* Assets.xcassets */; };
		B5F486E62AD58F6500A76900 /* Preview Assets.xcassets in Resources */ = {isa = PBXBuildFile; fileRef = B5F486E52AD58F6500A76900 /* Preview Assets.xcassets */; };
		B5F486ED2AD58F7500A76900 /* RabbleAPI.swift in Sources */ = {isa = PBXBuildFile; fileRef = B5F486EC2AD58F7500A76900 /* RabbleAPI.swift */; };
		B5F486EF2AD590C000A76900 /* Event.swift in Sources */ = {isa = PBXBuildFile; fileRef = B5F486EE2AD590C000A76900 /* Event.swift */; };
		B5F486F42AD5913400A76900 /* FoundationPlus in Frameworks */ = {isa = PBXBuildFile; productRef = B5F486F32AD5913400A76900 /* FoundationPlus */; };
		B5F486F72AD593CA00A76900 /* Time in Frameworks */ = {isa = PBXBuildFile; productRef = B5F486F62AD593CA00A76900 /* Time */; };
		B5F6FE422AD597E900043BB0 /* FoundationPlus in Frameworks */ = {isa = PBXBuildFile; productRef = B5F6FE412AD597E900043BB0 /* FoundationPlus */; };
		B5F6FE442AD5A05800043BB0 /* ExampleData.swift in Sources */ = {isa = PBXBuildFile; fileRef = B5F6FE432AD5A05800043BB0 /* ExampleData.swift */; };
		B5F6FE462AD5A07A00043BB0 /* example-events.json in Resources */ = {isa = PBXBuildFile; fileRef = B5F6FE452AD5A07A00043BB0 /* example-events.json */; };
		B5F6FE482AD5A10300043BB0 /* EventsView.swift in Sources */ = {isa = PBXBuildFile; fileRef = B5F6FE472AD5A10300043BB0 /* EventsView.swift */; };
		B5F6FE4A2AD6BAAD00043BB0 /* RoundedButtonStyle.swift in Sources */ = {isa = PBXBuildFile; fileRef = B5F6FE492AD6BAAD00043BB0 /* RoundedButtonStyle.swift */; };
/* End PBXBuildFile section */

/* Begin PBXFileReference section */
		B53D6D1E2AD6FBA0003455AA /* EventPasses.swift */ = {isa = PBXFileReference; lastKnownFileType = sourcecode.swift; path = EventPasses.swift; sourceTree = "<group>"; };
		B53D6D202AD6FE38003455AA /* Currency.swift */ = {isa = PBXFileReference; lastKnownFileType = sourcecode.swift; path = Currency.swift; sourceTree = "<group>"; };
		B53D6D222AD70252003455AA /* Repository.swift */ = {isa = PBXFileReference; lastKnownFileType = sourcecode.swift; path = Repository.swift; sourceTree = "<group>"; };
		B53D6D242AD705BA003455AA /* PasstypesView.swift */ = {isa = PBXFileReference; lastKnownFileType = sourcecode.swift; path = PasstypesView.swift; sourceTree = "<group>"; };
		B53D6D262AD705EB003455AA /* example-passtypes.json */ = {isa = PBXFileReference; lastKnownFileType = text.json; path = "example-passtypes.json"; sourceTree = "<group>"; };
		B54B3C442ADD65A200681F95 /* RefreshEventsButton.swift */ = {isa = PBXFileReference; lastKnownFileType = sourcecode.swift; path = RefreshEventsButton.swift; sourceTree = "<group>"; };
		B54B3C492ADD98CD00681F95 /* Timestamp+UpdatedAt.swift */ = {isa = PBXFileReference; lastKnownFileType = sourcecode.swift; path = "Timestamp+UpdatedAt.swift"; sourceTree = "<group>"; };
		B54B3C4C2ADD98EF00681F95 /* EventLocationView.swift */ = {isa = PBXFileReference; lastKnownFileType = sourcecode.swift; path = EventLocationView.swift; sourceTree = "<group>"; };
		B54B3C4E2ADD9A6B00681F95 /* BookedBadge.swift */ = {isa = PBXFileReference; lastKnownFileType = sourcecode.swift; path = BookedBadge.swift; sourceTree = "<group>"; };
		B54B3C502ADD9A9E00681F95 /* EventAttendeesView.swift */ = {isa = PBXFileReference; lastKnownFileType = sourcecode.swift; path = EventAttendeesView.swift; sourceTree = "<group>"; };
		B54B3C592ADE953C00681F95 /* Color+SystemBackground.swift */ = {isa = PBXFileReference; lastKnownFileType = sourcecode.swift; path = "Color+SystemBackground.swift"; sourceTree = "<group>"; };
		B559636D2AD82EFC00E611DA /* BookButton.swift */ = {isa = PBXFileReference; lastKnownFileType = sourcecode.swift; path = BookButton.swift; sourceTree = "<group>"; };
		B559636F2AD83EB800E611DA /* Attendee.swift */ = {isa = PBXFileReference; lastKnownFileType = sourcecode.swift; path = Attendee.swift; sourceTree = "<group>"; };
		B55963712AD83ECC00E611DA /* Venue.swift */ = {isa = PBXFileReference; lastKnownFileType = sourcecode.swift; path = Venue.swift; sourceTree = "<group>"; };
		B55963732AD83EDF00E611DA /* TimeZone.swift */ = {isa = PBXFileReference; lastKnownFileType = sourcecode.swift; path = TimeZone.swift; sourceTree = "<group>"; };
		B55963752AD83EF200E611DA /* Timestamp+MakeSweat.swift */ = {isa = PBXFileReference; lastKnownFileType = sourcecode.swift; path = "Timestamp+MakeSweat.swift"; sourceTree = "<group>"; };
		B55963772AD8456D00E611DA /* LoadEventsView.swift */ = {isa = PBXFileReference; lastKnownFileType = sourcecode.swift; path = LoadEventsView.swift; sourceTree = "<group>"; };
		B55963792AD85E3200E611DA /* UserDefaults+Accounts.swift */ = {isa = PBXFileReference; lastKnownFileType = sourcecode.swift; path = "UserDefaults+Accounts.swift"; sourceTree = "<group>"; };
		B559637B2AD8606600E611DA /* AccountsWrapperView.swift */ = {isa = PBXFileReference; lastKnownFileType = sourcecode.swift; path = AccountsWrapperView.swift; sourceTree = "<group>"; };
		B559637D2AD8637F00E611DA /* AccountsController.swift */ = {isa = PBXFileReference; lastKnownFileType = sourcecode.swift; path = AccountsController.swift; sourceTree = "<group>"; };
		B559637F2AD8639C00E611DA /* User.swift */ = {isa = PBXFileReference; lastKnownFileType = sourcecode.swift; path = User.swift; sourceTree = "<group>"; };
		B55963812AD866B400E611DA /* UserIcon.swift */ = {isa = PBXFileReference; lastKnownFileType = sourcecode.swift; path = UserIcon.swift; sourceTree = "<group>"; };
		B55963832AD8750E00E611DA /* EventDetails.swift */ = {isa = PBXFileReference; lastKnownFileType = sourcecode.swift; path = EventDetails.swift; sourceTree = "<group>"; };
		B55963852AD9617300E611DA /* MapLauncher.swift */ = {isa = PBXFileReference; lastKnownFileType = sourcecode.swift; path = MapLauncher.swift; sourceTree = "<group>"; };
		B55963872AD965B900E611DA /* Info.plist */ = {isa = PBXFileReference; lastKnownFileType = text.plist; path = Info.plist; sourceTree = "<group>"; };
		B58504B32ADEEE2700D694A5 /* EventEnrolmentView.swift */ = {isa = PBXFileReference; lastKnownFileType = sourcecode.swift; path = EventEnrolmentView.swift; sourceTree = "<group>"; };
		B5F486DA2AD58F6300A76900 /* Rabble.app */ = {isa = PBXFileReference; explicitFileType = wrapper.application; includeInIndex = 0; path = Rabble.app; sourceTree = BUILT_PRODUCTS_DIR; };
		B5F486DD2AD58F6300A76900 /* RabbleApp.swift */ = {isa = PBXFileReference; lastKnownFileType = sourcecode.swift; path = RabbleApp.swift; sourceTree = "<group>"; };
		B5F486DF2AD58F6300A76900 /* ContentView.swift */ = {isa = PBXFileReference; lastKnownFileType = sourcecode.swift; path = ContentView.swift; sourceTree = "<group>"; };
		B5F486E12AD58F6500A76900 /* Assets.xcassets */ = {isa = PBXFileReference; lastKnownFileType = folder.assetcatalog; path = Assets.xcassets; sourceTree = "<group>"; };
		B5F486E32AD58F6500A76900 /* Rabble.entitlements */ = {isa = PBXFileReference; lastKnownFileType = text.plist.entitlements; path = Rabble.entitlements; sourceTree = "<group>"; };
		B5F486E52AD58F6500A76900 /* Preview Assets.xcassets */ = {isa = PBXFileReference; lastKnownFileType = folder.assetcatalog; path = "Preview Assets.xcassets"; sourceTree = "<group>"; };
		B5F486EC2AD58F7500A76900 /* RabbleAPI.swift */ = {isa = PBXFileReference; lastKnownFileType = sourcecode.swift; path = RabbleAPI.swift; sourceTree = "<group>"; };
		B5F486EE2AD590C000A76900 /* Event.swift */ = {isa = PBXFileReference; lastKnownFileType = sourcecode.swift; path = Event.swift; sourceTree = "<group>"; };
		B5F6FE432AD5A05800043BB0 /* ExampleData.swift */ = {isa = PBXFileReference; lastKnownFileType = sourcecode.swift; path = ExampleData.swift; sourceTree = "<group>"; };
		B5F6FE452AD5A07A00043BB0 /* example-events.json */ = {isa = PBXFileReference; lastKnownFileType = text.json; path = "example-events.json"; sourceTree = "<group>"; };
		B5F6FE472AD5A10300043BB0 /* EventsView.swift */ = {isa = PBXFileReference; lastKnownFileType = sourcecode.swift; path = EventsView.swift; sourceTree = "<group>"; };
		B5F6FE492AD6BAAD00043BB0 /* RoundedButtonStyle.swift */ = {isa = PBXFileReference; lastKnownFileType = sourcecode.swift; path = RoundedButtonStyle.swift; sourceTree = "<group>"; };
/* End PBXFileReference section */

/* Begin PBXFrameworksBuildPhase section */
		B5F486D72AD58F6300A76900 /* Frameworks */ = {
			isa = PBXFrameworksBuildPhase;
			buildActionMask = 2147483647;
			files = (
				B54B3C582ADD9D4E00681F95 /* NukeUI in Frameworks */,
				B5F6FE422AD597E900043BB0 /* FoundationPlus in Frameworks */,
				B5F486F42AD5913400A76900 /* FoundationPlus in Frameworks */,
				B5F486F72AD593CA00A76900 /* Time in Frameworks */,
				B54B3C562ADD9D4E00681F95 /* Nuke in Frameworks */,
			);
			runOnlyForDeploymentPostprocessing = 0;
		};
/* End PBXFrameworksBuildPhase section */

/* Begin PBXGroup section */
		B54B3C482ADD98A900681F95 /* Helper Views */ = {
			isa = PBXGroup;
			children = (
				B559636D2AD82EFC00E611DA /* BookButton.swift */,
				B5F6FE492AD6BAAD00043BB0 /* RoundedButtonStyle.swift */,
				B55963812AD866B400E611DA /* UserIcon.swift */,
				B54B3C442ADD65A200681F95 /* RefreshEventsButton.swift */,
				B54B3C4E2ADD9A6B00681F95 /* BookedBadge.swift */,
				B54B3C592ADE953C00681F95 /* Color+SystemBackground.swift */,
			);
			path = "Helper Views";
			sourceTree = "<group>";
		};
		B54B3C4B2ADD98E100681F95 /* Event Details */ = {
			isa = PBXGroup;
			children = (
				B55963832AD8750E00E611DA /* EventDetails.swift */,
				B54B3C4C2ADD98EF00681F95 /* EventLocationView.swift */,
				B54B3C502ADD9A9E00681F95 /* EventAttendeesView.swift */,
				B58504B32ADEEE2700D694A5 /* EventEnrolmentView.swift */,
			);
			path = "Event Details";
			sourceTree = "<group>";
		};
		B559636A2AD82ECC00E611DA /* Models */ = {
			isa = PBXGroup;
			children = (
				B5F486EE2AD590C000A76900 /* Event.swift */,
				B53D6D1E2AD6FBA0003455AA /* EventPasses.swift */,
				B53D6D202AD6FE38003455AA /* Currency.swift */,
				B5F6FE432AD5A05800043BB0 /* ExampleData.swift */,
				B559636F2AD83EB800E611DA /* Attendee.swift */,
				B55963712AD83ECC00E611DA /* Venue.swift */,
				B55963732AD83EDF00E611DA /* TimeZone.swift */,
				B55963752AD83EF200E611DA /* Timestamp+MakeSweat.swift */,
				B559637F2AD8639C00E611DA /* User.swift */,
			);
			path = Models;
			sourceTree = "<group>";
		};
		B559636B2AD82EDC00E611DA /* Services */ = {
			isa = PBXGroup;
			children = (
				B5F486EC2AD58F7500A76900 /* RabbleAPI.swift */,
				B53D6D222AD70252003455AA /* Repository.swift */,
				B55963792AD85E3200E611DA /* UserDefaults+Accounts.swift */,
				B559637D2AD8637F00E611DA /* AccountsController.swift */,
				B55963852AD9617300E611DA /* MapLauncher.swift */,
				B54B3C492ADD98CD00681F95 /* Timestamp+UpdatedAt.swift */,
			);
			path = Services;
			sourceTree = "<group>";
		};
		B559636C2AD82EE500E611DA /* Views */ = {
			isa = PBXGroup;
			children = (
				B559637B2AD8606600E611DA /* AccountsWrapperView.swift */,
				B55963772AD8456D00E611DA /* LoadEventsView.swift */,
				B5F6FE472AD5A10300043BB0 /* EventsView.swift */,
				B53D6D242AD705BA003455AA /* PasstypesView.swift */,
				B54B3C4B2ADD98E100681F95 /* Event Details */,
				B54B3C482ADD98A900681F95 /* Helper Views */,
			);
			path = Views;
			sourceTree = "<group>";
		};
		B5F486D12AD58F6300A76900 = {
			isa = PBXGroup;
			children = (
				B5F486DC2AD58F6300A76900 /* Rabble */,
				B5F486DB2AD58F6300A76900 /* Products */,
			);
			sourceTree = "<group>";
		};
		B5F486DB2AD58F6300A76900 /* Products */ = {
			isa = PBXGroup;
			children = (
				B5F486DA2AD58F6300A76900 /* Rabble.app */,
			);
			name = Products;
			sourceTree = "<group>";
		};
		B5F486DC2AD58F6300A76900 /* Rabble */ = {
			isa = PBXGroup;
			children = (
				B55963872AD965B900E611DA /* Info.plist */,
				B5F486DD2AD58F6300A76900 /* RabbleApp.swift */,
				B5F486DF2AD58F6300A76900 /* ContentView.swift */,
				B559636C2AD82EE500E611DA /* Views */,
				B559636B2AD82EDC00E611DA /* Services */,
				B559636A2AD82ECC00E611DA /* Models */,
				B5F6FE452AD5A07A00043BB0 /* example-events.json */,
				B53D6D262AD705EB003455AA /* example-passtypes.json */,
				B5F486E12AD58F6500A76900 /* Assets.xcassets */,
				B5F486E32AD58F6500A76900 /* Rabble.entitlements */,
				B5F486E42AD58F6500A76900 /* Preview Content */,
			);
			path = Rabble;
			sourceTree = "<group>";
		};
		B5F486E42AD58F6500A76900 /* Preview Content */ = {
			isa = PBXGroup;
			children = (
				B5F486E52AD58F6500A76900 /* Preview Assets.xcassets */,
			);
			path = "Preview Content";
			sourceTree = "<group>";
		};
/* End PBXGroup section */

/* Begin PBXNativeTarget section */
		B5F486D92AD58F6300A76900 /* Rabble */ = {
			isa = PBXNativeTarget;
			buildConfigurationList = B5F486E92AD58F6500A76900 /* Build configuration list for PBXNativeTarget "Rabble" */;
			buildPhases = (
				B5F486D62AD58F6300A76900 /* Sources */,
				B5F486D72AD58F6300A76900 /* Frameworks */,
				B5F486D82AD58F6300A76900 /* Resources */,
			);
			buildRules = (
			);
			dependencies = (
			);
			name = Rabble;
			packageProductDependencies = (
				B5F486F32AD5913400A76900 /* FoundationPlus */,
				B5F486F62AD593CA00A76900 /* Time */,
				B5F6FE412AD597E900043BB0 /* FoundationPlus */,
				B54B3C552ADD9D4E00681F95 /* Nuke */,
				B54B3C572ADD9D4E00681F95 /* NukeUI */,
			);
			productName = BookRabble;
			productReference = B5F486DA2AD58F6300A76900 /* Rabble.app */;
			productType = "com.apple.product-type.application";
		};
/* End PBXNativeTarget section */

/* Begin PBXProject section */
		B5F486D22AD58F6300A76900 /* Project object */ = {
			isa = PBXProject;
			attributes = {
				BuildIndependentTargetsInParallel = 1;
				LastSwiftUpdateCheck = 1500;
				LastUpgradeCheck = 1500;
				TargetAttributes = {
					B5F486D92AD58F6300A76900 = {
						CreatedOnToolsVersion = 15.0;
					};
				};
			};
			buildConfigurationList = B5F486D52AD58F6300A76900 /* Build configuration list for PBXProject "Rabble" */;
			compatibilityVersion = "Xcode 14.0";
			developmentRegion = en;
			hasScannedForEncodings = 0;
			knownRegions = (
				en,
				Base,
			);
			mainGroup = B5F486D12AD58F6300A76900;
			packageReferences = (
				B5F486F52AD593CA00A76900 /* XCLocalSwiftPackageReference "../Time" */,
				B5F6FE402AD597E900043BB0 /* XCLocalSwiftPackageReference "../multiplayer-poker/FoundationPlus" */,
				B54B3C542ADD9D4E00681F95 /* XCRemoteSwiftPackageReference "Nuke" */,
			);
			productRefGroup = B5F486DB2AD58F6300A76900 /* Products */;
			projectDirPath = "";
			projectRoot = "";
			targets = (
				B5F486D92AD58F6300A76900 /* Rabble */,
			);
		};
/* End PBXProject section */

/* Begin PBXResourcesBuildPhase section */
		B5F486D82AD58F6300A76900 /* Resources */ = {
			isa = PBXResourcesBuildPhase;
			buildActionMask = 2147483647;
			files = (
				B5F486E62AD58F6500A76900 /* Preview Assets.xcassets in Resources */,
				B5F6FE462AD5A07A00043BB0 /* example-events.json in Resources */,
				B5F486E22AD58F6500A76900 /* Assets.xcassets in Resources */,
				B53D6D272AD705EB003455AA /* example-passtypes.json in Resources */,
			);
			runOnlyForDeploymentPostprocessing = 0;
		};
/* End PBXResourcesBuildPhase section */

/* Begin PBXSourcesBuildPhase section */
		B5F486D62AD58F6300A76900 /* Sources */ = {
			isa = PBXSourcesBuildPhase;
			buildActionMask = 2147483647;
			files = (
				B559637C2AD8606600E611DA /* AccountsWrapperView.swift in Sources */,
				B54B3C452ADD65A200681F95 /* RefreshEventsButton.swift in Sources */,
				B54B3C4D2ADD98EF00681F95 /* EventLocationView.swift in Sources */,
				B54B3C4F2ADD9A6B00681F95 /* BookedBadge.swift in Sources */,
				B53D6D212AD6FE38003455AA /* Currency.swift in Sources */,
				B53D6D252AD705BA003455AA /* PasstypesView.swift in Sources */,
				B5F486EF2AD590C000A76900 /* Event.swift in Sources */,
				B55963722AD83ECC00E611DA /* Venue.swift in Sources */,
				B55963842AD8750E00E611DA /* EventDetails.swift in Sources */,
				B5F486E02AD58F6300A76900 /* ContentView.swift in Sources */,
				B55963762AD83EF200E611DA /* Timestamp+MakeSweat.swift in Sources */,
				B5F486ED2AD58F7500A76900 /* RabbleAPI.swift in Sources */,
				B5F486DE2AD58F6300A76900 /* RabbleApp.swift in Sources */,
				B54B3C4A2ADD98CD00681F95 /* Timestamp+UpdatedAt.swift in Sources */,
				B5F6FE442AD5A05800043BB0 /* ExampleData.swift in Sources */,
				B55963782AD8456D00E611DA /* LoadEventsView.swift in Sources */,
				B54B3C512ADD9A9E00681F95 /* EventAttendeesView.swift in Sources */,
				B55963822AD866B400E611DA /* UserIcon.swift in Sources */,
				B53D6D1F2AD6FBA0003455AA /* EventPasses.swift in Sources */,
				B53D6D232AD70252003455AA /* Repository.swift in Sources */,
				B55963702AD83EB800E611DA /* Attendee.swift in Sources */,
				B5F6FE482AD5A10300043BB0 /* EventsView.swift in Sources */,
				B55963742AD83EDF00E611DA /* TimeZone.swift in Sources */,
				B559636E2AD82EFC00E611DA /* BookButton.swift in Sources */,
				B58504B42ADEEE2700D694A5 /* EventEnrolmentView.swift in Sources */,
				B559637A2AD85E3200E611DA /* UserDefaults+Accounts.swift in Sources */,
				B55963862AD9617300E611DA /* MapLauncher.swift in Sources */,
				B54B3C5A2ADE953C00681F95 /* Color+SystemBackground.swift in Sources */,
				B5F6FE4A2AD6BAAD00043BB0 /* RoundedButtonStyle.swift in Sources */,
				B559637E2AD8637F00E611DA /* AccountsController.swift in Sources */,
				B55963802AD8639C00E611DA /* User.swift in Sources */,
			);
			runOnlyForDeploymentPostprocessing = 0;
		};
/* End PBXSourcesBuildPhase section */

/* Begin XCBuildConfiguration section */
		B5F486E72AD58F6500A76900 /* Debug */ = {
			isa = XCBuildConfiguration;
			buildSettings = {
				ALWAYS_SEARCH_USER_PATHS = NO;
				ASSETCATALOG_COMPILER_GENERATE_SWIFT_ASSET_SYMBOL_EXTENSIONS = YES;
				CLANG_ANALYZER_NONNULL = YES;
				CLANG_ANALYZER_NUMBER_OBJECT_CONVERSION = YES_AGGRESSIVE;
				CLANG_CXX_LANGUAGE_STANDARD = "gnu++20";
				CLANG_ENABLE_MODULES = YES;
				CLANG_ENABLE_OBJC_ARC = YES;
				CLANG_ENABLE_OBJC_WEAK = YES;
				CLANG_WARN_BLOCK_CAPTURE_AUTORELEASING = YES;
				CLANG_WARN_BOOL_CONVERSION = YES;
				CLANG_WARN_COMMA = YES;
				CLANG_WARN_CONSTANT_CONVERSION = YES;
				CLANG_WARN_DEPRECATED_OBJC_IMPLEMENTATIONS = YES;
				CLANG_WARN_DIRECT_OBJC_ISA_USAGE = YES_ERROR;
				CLANG_WARN_DOCUMENTATION_COMMENTS = YES;
				CLANG_WARN_EMPTY_BODY = YES;
				CLANG_WARN_ENUM_CONVERSION = YES;
				CLANG_WARN_INFINITE_RECURSION = YES;
				CLANG_WARN_INT_CONVERSION = YES;
				CLANG_WARN_NON_LITERAL_NULL_CONVERSION = YES;
				CLANG_WARN_OBJC_IMPLICIT_RETAIN_SELF = YES;
				CLANG_WARN_OBJC_LITERAL_CONVERSION = YES;
				CLANG_WARN_OBJC_ROOT_CLASS = YES_ERROR;
				CLANG_WARN_QUOTED_INCLUDE_IN_FRAMEWORK_HEADER = YES;
				CLANG_WARN_RANGE_LOOP_ANALYSIS = YES;
				CLANG_WARN_STRICT_PROTOTYPES = YES;
				CLANG_WARN_SUSPICIOUS_MOVE = YES;
				CLANG_WARN_UNGUARDED_AVAILABILITY = YES_AGGRESSIVE;
				CLANG_WARN_UNREACHABLE_CODE = YES;
				CLANG_WARN__DUPLICATE_METHOD_MATCH = YES;
				COPY_PHASE_STRIP = NO;
				DEBUG_INFORMATION_FORMAT = dwarf;
				ENABLE_STRICT_OBJC_MSGSEND = YES;
				ENABLE_TESTABILITY = YES;
				ENABLE_USER_SCRIPT_SANDBOXING = YES;
				GCC_C_LANGUAGE_STANDARD = gnu17;
				GCC_DYNAMIC_NO_PIC = NO;
				GCC_NO_COMMON_BLOCKS = YES;
				GCC_OPTIMIZATION_LEVEL = 0;
				GCC_PREPROCESSOR_DEFINITIONS = (
					"DEBUG=1",
					"$(inherited)",
				);
				GCC_WARN_64_TO_32_BIT_CONVERSION = YES;
				GCC_WARN_ABOUT_RETURN_TYPE = YES_ERROR;
				GCC_WARN_UNDECLARED_SELECTOR = YES;
				GCC_WARN_UNINITIALIZED_AUTOS = YES_AGGRESSIVE;
				GCC_WARN_UNUSED_FUNCTION = YES;
				GCC_WARN_UNUSED_VARIABLE = YES;
				LOCALIZATION_PREFERS_STRING_CATALOGS = YES;
				MTL_ENABLE_DEBUG_INFO = INCLUDE_SOURCE;
				MTL_FAST_MATH = YES;
				ONLY_ACTIVE_ARCH = YES;
				SWIFT_ACTIVE_COMPILATION_CONDITIONS = "DEBUG $(inherited)";
				SWIFT_OPTIMIZATION_LEVEL = "-Onone";
			};
			name = Debug;
		};
		B5F486E82AD58F6500A76900 /* Release */ = {
			isa = XCBuildConfiguration;
			buildSettings = {
				ALWAYS_SEARCH_USER_PATHS = NO;
				ASSETCATALOG_COMPILER_GENERATE_SWIFT_ASSET_SYMBOL_EXTENSIONS = YES;
				CLANG_ANALYZER_NONNULL = YES;
				CLANG_ANALYZER_NUMBER_OBJECT_CONVERSION = YES_AGGRESSIVE;
				CLANG_CXX_LANGUAGE_STANDARD = "gnu++20";
				CLANG_ENABLE_MODULES = YES;
				CLANG_ENABLE_OBJC_ARC = YES;
				CLANG_ENABLE_OBJC_WEAK = YES;
				CLANG_WARN_BLOCK_CAPTURE_AUTORELEASING = YES;
				CLANG_WARN_BOOL_CONVERSION = YES;
				CLANG_WARN_COMMA = YES;
				CLANG_WARN_CONSTANT_CONVERSION = YES;
				CLANG_WARN_DEPRECATED_OBJC_IMPLEMENTATIONS = YES;
				CLANG_WARN_DIRECT_OBJC_ISA_USAGE = YES_ERROR;
				CLANG_WARN_DOCUMENTATION_COMMENTS = YES;
				CLANG_WARN_EMPTY_BODY = YES;
				CLANG_WARN_ENUM_CONVERSION = YES;
				CLANG_WARN_INFINITE_RECURSION = YES;
				CLANG_WARN_INT_CONVERSION = YES;
				CLANG_WARN_NON_LITERAL_NULL_CONVERSION = YES;
				CLANG_WARN_OBJC_IMPLICIT_RETAIN_SELF = YES;
				CLANG_WARN_OBJC_LITERAL_CONVERSION = YES;
				CLANG_WARN_OBJC_ROOT_CLASS = YES_ERROR;
				CLANG_WARN_QUOTED_INCLUDE_IN_FRAMEWORK_HEADER = YES;
				CLANG_WARN_RANGE_LOOP_ANALYSIS = YES;
				CLANG_WARN_STRICT_PROTOTYPES = YES;
				CLANG_WARN_SUSPICIOUS_MOVE = YES;
				CLANG_WARN_UNGUARDED_AVAILABILITY = YES_AGGRESSIVE;
				CLANG_WARN_UNREACHABLE_CODE = YES;
				CLANG_WARN__DUPLICATE_METHOD_MATCH = YES;
				COPY_PHASE_STRIP = NO;
				DEBUG_INFORMATION_FORMAT = "dwarf-with-dsym";
				ENABLE_NS_ASSERTIONS = NO;
				ENABLE_STRICT_OBJC_MSGSEND = YES;
				ENABLE_USER_SCRIPT_SANDBOXING = YES;
				GCC_C_LANGUAGE_STANDARD = gnu17;
				GCC_NO_COMMON_BLOCKS = YES;
				GCC_WARN_64_TO_32_BIT_CONVERSION = YES;
				GCC_WARN_ABOUT_RETURN_TYPE = YES_ERROR;
				GCC_WARN_UNDECLARED_SELECTOR = YES;
				GCC_WARN_UNINITIALIZED_AUTOS = YES_AGGRESSIVE;
				GCC_WARN_UNUSED_FUNCTION = YES;
				GCC_WARN_UNUSED_VARIABLE = YES;
				LOCALIZATION_PREFERS_STRING_CATALOGS = YES;
				MTL_ENABLE_DEBUG_INFO = NO;
				MTL_FAST_MATH = YES;
				SWIFT_COMPILATION_MODE = wholemodule;
			};
			name = Release;
		};
		B5F486EA2AD58F6500A76900 /* Debug */ = {
			isa = XCBuildConfiguration;
			buildSettings = {
				ASSETCATALOG_COMPILER_APPICON_NAME = AppIcon;
				ASSETCATALOG_COMPILER_GLOBAL_ACCENT_COLOR_NAME = AccentColor;
				CODE_SIGN_ENTITLEMENTS = Rabble/Rabble.entitlements;
				CODE_SIGN_STYLE = Automatic;
				CURRENT_PROJECT_VERSION = 1;
				DEVELOPMENT_ASSET_PATHS = "\"Rabble/Preview Content\"";
				DEVELOPMENT_TEAM = 5XMV2GP24E;
				ENABLE_HARDENED_RUNTIME = YES;
				ENABLE_PREVIEWS = YES;
				GENERATE_INFOPLIST_FILE = YES;
				INFOPLIST_FILE = Rabble/Info.plist;
				INFOPLIST_KEY_CFBundleDisplayName = Rabble;
				"INFOPLIST_KEY_UIApplicationSceneManifest_Generation[sdk=iphoneos*]" = YES;
				"INFOPLIST_KEY_UIApplicationSceneManifest_Generation[sdk=iphonesimulator*]" = YES;
				"INFOPLIST_KEY_UIApplicationSupportsIndirectInputEvents[sdk=iphoneos*]" = YES;
				"INFOPLIST_KEY_UIApplicationSupportsIndirectInputEvents[sdk=iphonesimulator*]" = YES;
				"INFOPLIST_KEY_UILaunchScreen_Generation[sdk=iphoneos*]" = YES;
				"INFOPLIST_KEY_UILaunchScreen_Generation[sdk=iphonesimulator*]" = YES;
				"INFOPLIST_KEY_UIStatusBarStyle[sdk=iphoneos*]" = UIStatusBarStyleDefault;
				"INFOPLIST_KEY_UIStatusBarStyle[sdk=iphonesimulator*]" = UIStatusBarStyleDefault;
				INFOPLIST_KEY_UISupportedInterfaceOrientations_iPad = "UIInterfaceOrientationPortrait UIInterfaceOrientationPortraitUpsideDown UIInterfaceOrientationLandscapeLeft UIInterfaceOrientationLandscapeRight";
				INFOPLIST_KEY_UISupportedInterfaceOrientations_iPhone = "UIInterfaceOrientationPortrait UIInterfaceOrientationLandscapeLeft UIInterfaceOrientationLandscapeRight";
				IPHONEOS_DEPLOYMENT_TARGET = 17.0;
				LD_RUNPATH_SEARCH_PATHS = "@executable_path/Frameworks";
				"LD_RUNPATH_SEARCH_PATHS[sdk=macosx*]" = "@executable_path/../Frameworks";
				MACOSX_DEPLOYMENT_TARGET = 14.0;
				MARKETING_VERSION = 1.0;
				PRODUCT_BUNDLE_IDENTIFIER = uk.co.bendavisapps.Rabble;
				PRODUCT_NAME = "$(TARGET_NAME)";
				SDKROOT = auto;
				SUPPORTED_PLATFORMS = "iphoneos iphonesimulator macosx";
				SWIFT_EMIT_LOC_STRINGS = YES;
				SWIFT_VERSION = 5.0;
				TARGETED_DEVICE_FAMILY = "1,2";
			};
			name = Debug;
		};
		B5F486EB2AD58F6500A76900 /* Release */ = {
			isa = XCBuildConfiguration;
			buildSettings = {
				ASSETCATALOG_COMPILER_APPICON_NAME = AppIcon;
				ASSETCATALOG_COMPILER_GLOBAL_ACCENT_COLOR_NAME = AccentColor;
				CODE_SIGN_ENTITLEMENTS = Rabble/Rabble.entitlements;
				CODE_SIGN_STYLE = Automatic;
				CURRENT_PROJECT_VERSION = 1;
				DEVELOPMENT_ASSET_PATHS = "\"Rabble/Preview Content\"";
				DEVELOPMENT_TEAM = 5XMV2GP24E;
				ENABLE_HARDENED_RUNTIME = YES;
				ENABLE_PREVIEWS = YES;
				GENERATE_INFOPLIST_FILE = YES;
				INFOPLIST_FILE = Rabble/Info.plist;
				INFOPLIST_KEY_CFBundleDisplayName = Rabble;
				"INFOPLIST_KEY_UIApplicationSceneManifest_Generation[sdk=iphoneos*]" = YES;
				"INFOPLIST_KEY_UIApplicationSceneManifest_Generation[sdk=iphonesimulator*]" = YES;
				"INFOPLIST_KEY_UIApplicationSupportsIndirectInputEvents[sdk=iphoneos*]" = YES;
				"INFOPLIST_KEY_UIApplicationSupportsIndirectInputEvents[sdk=iphonesimulator*]" = YES;
				"INFOPLIST_KEY_UILaunchScreen_Generation[sdk=iphoneos*]" = YES;
				"INFOPLIST_KEY_UILaunchScreen_Generation[sdk=iphonesimulator*]" = YES;
				"INFOPLIST_KEY_UIStatusBarStyle[sdk=iphoneos*]" = UIStatusBarStyleDefault;
				"INFOPLIST_KEY_UIStatusBarStyle[sdk=iphonesimulator*]" = UIStatusBarStyleDefault;
				INFOPLIST_KEY_UISupportedInterfaceOrientations_iPad = "UIInterfaceOrientationPortrait UIInterfaceOrientationPortraitUpsideDown UIInterfaceOrientationLandscapeLeft UIInterfaceOrientationLandscapeRight";
				INFOPLIST_KEY_UISupportedInterfaceOrientations_iPhone = "UIInterfaceOrientationPortrait UIInterfaceOrientationLandscapeLeft UIInterfaceOrientationLandscapeRight";
				IPHONEOS_DEPLOYMENT_TARGET = 17.0;
				LD_RUNPATH_SEARCH_PATHS = "@executable_path/Frameworks";
				"LD_RUNPATH_SEARCH_PATHS[sdk=macosx*]" = "@executable_path/../Frameworks";
				MACOSX_DEPLOYMENT_TARGET = 14.0;
				MARKETING_VERSION = 1.0;
				PRODUCT_BUNDLE_IDENTIFIER = uk.co.bendavisapps.Rabble;
				PRODUCT_NAME = "$(TARGET_NAME)";
				SDKROOT = auto;
				SUPPORTED_PLATFORMS = "iphoneos iphonesimulator macosx";
				SWIFT_EMIT_LOC_STRINGS = YES;
				SWIFT_VERSION = 5.0;
				TARGETED_DEVICE_FAMILY = "1,2";
			};
			name = Release;
		};
/* End XCBuildConfiguration section */

/* Begin XCConfigurationList section */
		B5F486D52AD58F6300A76900 /* Build configuration list for PBXProject "Rabble" */ = {
			isa = XCConfigurationList;
			buildConfigurations = (
				B5F486E72AD58F6500A76900 /* Debug */,
				B5F486E82AD58F6500A76900 /* Release */,
			);
			defaultConfigurationIsVisible = 0;
			defaultConfigurationName = Release;
		};
		B5F486E92AD58F6500A76900 /* Build configuration list for PBXNativeTarget "Rabble" */ = {
			isa = XCConfigurationList;
			buildConfigurations = (
				B5F486EA2AD58F6500A76900 /* Debug */,
				B5F486EB2AD58F6500A76900 /* Release */,
			);
			defaultConfigurationIsVisible = 0;
			defaultConfigurationName = Release;
		};
/* End XCConfigurationList section */

/* Begin XCLocalSwiftPackageReference section */
		B5F486F52AD593CA00A76900 /* XCLocalSwiftPackageReference "../Time" */ = {
			isa = XCLocalSwiftPackageReference;
			relativePath = ../Time;
		};
		B5F6FE402AD597E900043BB0 /* XCLocalSwiftPackageReference "../multiplayer-poker/FoundationPlus" */ = {
			isa = XCLocalSwiftPackageReference;
			relativePath = "../multiplayer-poker/FoundationPlus";
		};
/* End XCLocalSwiftPackageReference section */

/* Begin XCRemoteSwiftPackageReference section */
		B54B3C542ADD9D4E00681F95 /* XCRemoteSwiftPackageReference "Nuke" */ = {
			isa = XCRemoteSwiftPackageReference;
			repositoryURL = "https://github.com/kean/Nuke";
			requirement = {
				kind = upToNextMajorVersion;
				minimumVersion = 12.1.6;
			};
		};
/* End XCRemoteSwiftPackageReference section */

/* Begin XCSwiftPackageProductDependency section */
		B54B3C552ADD9D4E00681F95 /* Nuke */ = {
			isa = XCSwiftPackageProductDependency;
			package = B54B3C542ADD9D4E00681F95 /* XCRemoteSwiftPackageReference "Nuke" */;
			productName = Nuke;
		};
		B54B3C572ADD9D4E00681F95 /* NukeUI */ = {
			isa = XCSwiftPackageProductDependency;
			package = B54B3C542ADD9D4E00681F95 /* XCRemoteSwiftPackageReference "Nuke" */;
			productName = NukeUI;
		};
		B5F486F32AD5913400A76900 /* FoundationPlus */ = {
			isa = XCSwiftPackageProductDependency;
			productName = FoundationPlus;
		};
		B5F486F62AD593CA00A76900 /* Time */ = {
			isa = XCSwiftPackageProductDependency;
			productName = Time;
		};
		B5F6FE412AD597E900043BB0 /* FoundationPlus */ = {
			isa = XCSwiftPackageProductDependency;
			productName = FoundationPlus;
		};
/* End XCSwiftPackageProductDependency section */
	};
	rootObject = B5F486D22AD58F6300A76900 /* Project object */;
}
